
Microsoft Visual Studio Solution File, Format Version 12.00
# Visual Studio Version 16
VisualStudioVersion = 16.0.31613.86
MinimumVisualStudioVersion = 10.0.40219.1
Project("{FAE04EC0-301F-11D3-BF4B-00C04F79EFBC}") = "TodoByAlekseevAyaan", "TodoByAlekseevAyaan.csproj", "{561449DB-9E37-4FEF-B5A7-79C5200307E5}"
EndProject
Project("{9A19103F-16F7-4668-BE54-9A1E7A4F7556}") = "SportStore1", "C:\Users\djlek\source\repos\SportStore1\SportStore1.csproj", "{6E77B794-C9DF-49B1-82D5-EE0DB46AE2DD}"
EndProject
Project("{9A19103F-16F7-4668-BE54-9A1E7A4F7556}") = "Todolist", "C:\Users\djlek\source\repos\Todolist\Todolist.csproj", "{4928086E-5019-48D7-8A53-9B0DA5F0377F}"
EndProject
Project("{9A19103F-16F7-4668-BE54-9A1E7A4F7556}") = "FirstWeb", "C:\Users\djlek\source\repos\FirstWeb\FirstWeb.csproj", "{191CC80A-8EA4-4CC1-A731-404B9C4045C2}"
EndProject
Project("{9A19103F-16F7-4668-BE54-9A1E7A4F7556}") = "MVC1", "C:\Users\djlek\source\repos\MVC1\MVC1.csproj", "{8B514AFB-9A78-4B3B-9BCE-4F7C059B7EB7}"
EndProject
Global
	GlobalSection(SolutionConfigurationPlatforms) = preSolution
		Debug|Any CPU = Debug|Any CPU
		Release|Any CPU = Release|Any CPU
	EndGlobalSection
	GlobalSection(ProjectConfigurationPlatforms) = postSolution
		{561449DB-9E37-4FEF-B5A7-79C5200307E5}.Debug|Any CPU.ActiveCfg = Debug|Any CPU
		{561449DB-9E37-4FEF-B5A7-79C5200307E5}.Debug|Any CPU.Build.0 = Debug|Any CPU
		{561449DB-9E37-4FEF-B5A7-79C5200307E5}.Release|Any CPU.ActiveCfg = Release|Any CPU
		{561449DB-9E37-4FEF-B5A7-79C5200307E5}.Release|Any CPU.Build.0 = Release|Any CPU
		{6E77B794-C9DF-49B1-82D5-EE0DB46AE2DD}.Debug|Any CPU.ActiveCfg = Debug|Any CPU
		{6E77B794-C9DF-49B1-82D5-EE0DB46AE2DD}.Debug|Any CPU.Build.0 = Debug|Any CPU
		{6E77B794-C9DF-49B1-82D5-EE0DB46AE2DD}.Release|Any CPU.ActiveCfg = Release|Any CPU
		{6E77B794-C9DF-49B1-82D5-EE0DB46AE2DD}.Release|Any CPU.Build.0 = Release|Any CPU
		{4928086E-5019-48D7-8A53-9B0DA5F0377F}.Debug|Any CPU.ActiveCfg = Debug|Any CPU
		{4928086E-5019-48D7-8A53-9B0DA5F0377F}.Debug|Any CPU.Build.0 = Debug|Any CPU
		{4928086E-5019-48D7-8A53-9B0DA5F0377F}.Release|Any CPU.ActiveCfg = Release|Any CPU
		{4928086E-5019-48D7-8A53-9B0DA5F0377F}.Release|Any CPU.Build.0 = Release|Any CPU
		{191CC80A-8EA4-4CC1-A731-404B9C4045C2}.Debug|Any CPU.ActiveCfg = Debug|Any CPU
		{191CC80A-8EA4-4CC1-A731-404B9C4045C2}.Debug|Any CPU.Build.0 = Debug|Any CPU
		{191CC80A-8EA4-4CC1-A731-404B9C4045C2}.Release|Any CPU.ActiveCfg = Release|Any CPU
		{191CC80A-8EA4-4CC1-A731-404B9C4045C2}.Release|Any CPU.Build.0 = Release|Any CPU
		{8B514AFB-9A78-4B3B-9BCE-4F7C059B7EB7}.Debug|Any CPU.ActiveCfg = Debug|Any CPU
		{8B514AFB-9A78-4B3B-9BCE-4F7C059B7EB7}.Debug|Any CPU.Build.0 = Debug|Any CPU
		{8B514AFB-9A78-4B3B-9BCE-4F7C059B7EB7}.Release|Any CPU.ActiveCfg = Release|Any CPU
		{8B514AFB-9A78-4B3B-9BCE-4F7C059B7EB7}.Release|Any CPU.Build.0 = Release|Any CPU
	EndGlobalSection
	GlobalSection(SolutionProperties) = preSolution
		HideSolutionNode = FALSE
	EndGlobalSection
	GlobalSection(ExtensibilityGlobals) = postSolution
		SolutionGuid = {BCF2B913-1EB8-469B-A39E-D9A8F6E1E32E}
	EndGlobalSection
EndGlobal
